
Microsoft Visual Studio Solution File, Format Version 12.00
# Visual Studio Version 17
VisualStudioVersion = 17.0.31912.275
MinimumVisualStudioVersion = 10.0.40219.1
Project("{9A19103F-16F7-4668-BE54-9A1E7A4F7556}") = "ThinGin", "ThinGL\ThinGin.csproj", "{A6A85C44-15F0-4FDC-9535-0BEAE6B12443}"
EndProject
Project("{9A19103F-16F7-4668-BE54-9A1E7A4F7556}") = "ThinGin.OpenGL", "ThinGin.OpenGL\ThinGin.OpenGL.csproj", "{F7D06AC9-0C96-492A-A239-DB4D65F384F5}"
EndProject
Project("{2150E333-8FDC-42A3-9474-1A3956D46DE8}") = "Examples", "Examples", "{C664EE81-EC61-4FC3-BB6F-5978AEEC118D}"
EndProject
Project("{9A19103F-16F7-4668-BE54-9A1E7A4F7556}") = "MeshRendering", "MeshRendering\MeshRendering.csproj", "{FD7BC771-AFD9-4E4D-9402-0ECA98F83F55}"
EndProject
Project("{FAE04EC0-301F-11D3-BF4B-00C04F79EFBC}") = "UnitTests", "UnitTests\UnitTests.csproj", "{C01804C8-1562-4609-BCD1-856063F29327}"
EndProject
Global
	GlobalSection(SolutionConfigurationPlatforms) = preSolution
		Debug|Any CPU = Debug|Any CPU
		Release|Any CPU = Release|Any CPU
	EndGlobalSection
	GlobalSection(ProjectConfigurationPlatforms) = postSolution
		{A6A85C44-15F0-4FDC-9535-0BEAE6B12443}.Debug|Any CPU.ActiveCfg = Debug|Any CPU
		{A6A85C44-15F0-4FDC-9535-0BEAE6B12443}.Debug|Any CPU.Build.0 = Debug|Any CPU
		{A6A85C44-15F0-4FDC-9535-0BEAE6B12443}.Release|Any CPU.ActiveCfg = Release|Any CPU
		{A6A85C44-15F0-4FDC-9535-0BEAE6B12443}.Release|Any CPU.Build.0 = Release|Any CPU
		{F7D06AC9-0C96-492A-A239-DB4D65F384F5}.Debug|Any CPU.ActiveCfg = Debug|Any CPU
		{F7D06AC9-0C96-492A-A239-DB4D65F384F5}.Debug|Any CPU.Build.0 = Debug|Any CPU
		{F7D06AC9-0C96-492A-A239-DB4D65F384F5}.Release|Any CPU.ActiveCfg = Release|Any CPU
		{F7D06AC9-0C96-492A-A239-DB4D65F384F5}.Release|Any CPU.Build.0 = Release|Any CPU
		{FD7BC771-AFD9-4E4D-9402-0ECA98F83F55}.Debug|Any CPU.ActiveCfg = Debug|Any CPU
		{FD7BC771-AFD9-4E4D-9402-0ECA98F83F55}.Debug|Any CPU.Build.0 = Debug|Any CPU
		{FD7BC771-AFD9-4E4D-9402-0ECA98F83F55}.Release|Any CPU.ActiveCfg = Release|Any CPU
		{FD7BC771-AFD9-4E4D-9402-0ECA98F83F55}.Release|Any CPU.Build.0 = Release|Any CPU
		{C01804C8-1562-4609-BCD1-856063F29327}.Debug|Any CPU.ActiveCfg = Debug|Any CPU
		{C01804C8-1562-4609-BCD1-856063F29327}.Debug|Any CPU.Build.0 = Debug|Any CPU
		{C01804C8-1562-4609-BCD1-856063F29327}.Release|Any CPU.ActiveCfg = Release|Any CPU
		{C01804C8-1562-4609-BCD1-856063F29327}.Release|Any CPU.Build.0 = Release|Any CPU
	EndGlobalSection
	GlobalSection(SolutionProperties) = preSolution
		HideSolutionNode = FALSE
	EndGlobalSection
	GlobalSection(NestedProjects) = preSolution
		{FD7BC771-AFD9-4E4D-9402-0ECA98F83F55} = {C664EE81-EC61-4FC3-BB6F-5978AEEC118D}
	EndGlobalSection
	GlobalSection(ExtensibilityGlobals) = postSolution
		SolutionGuid = {EAE8B997-4B65-4FBA-BFD2-B312D1E96CEB}
	EndGlobalSection
EndGlobal
